
Microsoft Visual Studio Solution File, Format Version 12.00
# Visual Studio Version 16
VisualStudioVersion = 16.0.29709.97
MinimumVisualStudioVersion = 10.0.40219.1
Project("{9A19103F-16F7-4668-BE54-9A1E7A4F7556}") = "Application", "Application\Application.csproj", "{0C4B3FD7-6B0A-49F5-B971-500E6BBA858A}"
EndProject
Project("{9A19103F-16F7-4668-BE54-9A1E7A4F7556}") = "Core", "Core\Core.csproj", "{8B625FD5-EA3C-4C43-B2FB-E90D900E6C79}"
EndProject
Project("{9A19103F-16F7-4668-BE54-9A1E7A4F7556}") = "Data", "Data\Data.csproj", "{19460DB4-A172-4FDC-84BD-0A4D48F534D2}"
EndProject
Project("{9A19103F-16F7-4668-BE54-9A1E7A4F7556}") = "Logging", "Logging\Logging.csproj", "{2C35BCDD-4F3E-4135-882D-D9B2F8A0540D}"
EndProject
Project("{9A19103F-16F7-4668-BE54-9A1E7A4F7556}") = "Process", "Process\Process.csproj", "{EDFB35B4-488A-402C-A907-9222A9B9389D}"
EndProject
Project("{9A19103F-16F7-4668-BE54-9A1E7A4F7556}") = "Shared", "Shared\Shared.csproj", "{6076C86E-AA11-4F0E-8E57-B7D49C3BC6EE}"
EndProject
Project("{9A19103F-16F7-4668-BE54-9A1E7A4F7556}") = "WebApp", "WebApp\WebApp.csproj", "{92CEC42C-CE40-41D0-997D-9AC2AC70A56F}"
EndProject
Global
	GlobalSection(SolutionConfigurationPlatforms) = preSolution
		Debug|Any CPU = Debug|Any CPU
		Release|Any CPU = Release|Any CPU
	EndGlobalSection
	GlobalSection(ProjectConfigurationPlatforms) = postSolution
		{0C4B3FD7-6B0A-49F5-B971-500E6BBA858A}.Debug|Any CPU.ActiveCfg = Debug|Any CPU
		{0C4B3FD7-6B0A-49F5-B971-500E6BBA858A}.Debug|Any CPU.Build.0 = Debug|Any CPU
		{0C4B3FD7-6B0A-49F5-B971-500E6BBA858A}.Release|Any CPU.ActiveCfg = Release|Any CPU
		{0C4B3FD7-6B0A-49F5-B971-500E6BBA858A}.Release|Any CPU.Build.0 = Release|Any CPU
		{8B625FD5-EA3C-4C43-B2FB-E90D900E6C79}.Debug|Any CPU.ActiveCfg = Debug|Any CPU
		{8B625FD5-EA3C-4C43-B2FB-E90D900E6C79}.Debug|Any CPU.Build.0 = Debug|Any CPU
		{8B625FD5-EA3C-4C43-B2FB-E90D900E6C79}.Release|Any CPU.ActiveCfg = Release|Any CPU
		{8B625FD5-EA3C-4C43-B2FB-E90D900E6C79}.Release|Any CPU.Build.0 = Release|Any CPU
		{19460DB4-A172-4FDC-84BD-0A4D48F534D2}.Debug|Any CPU.ActiveCfg = Debug|Any CPU
		{19460DB4-A172-4FDC-84BD-0A4D48F534D2}.Debug|Any CPU.Build.0 = Debug|Any CPU
		{19460DB4-A172-4FDC-84BD-0A4D48F534D2}.Release|Any CPU.ActiveCfg = Release|Any CPU
		{19460DB4-A172-4FDC-84BD-0A4D48F534D2}.Release|Any CPU.Build.0 = Release|Any CPU
		{2C35BCDD-4F3E-4135-882D-D9B2F8A0540D}.Debug|Any CPU.ActiveCfg = Debug|Any CPU
		{2C35BCDD-4F3E-4135-882D-D9B2F8A0540D}.Debug|Any CPU.Build.0 = Debug|Any CPU
		{2C35BCDD-4F3E-4135-882D-D9B2F8A0540D}.Release|Any CPU.ActiveCfg = Release|Any CPU
		{2C35BCDD-4F3E-4135-882D-D9B2F8A0540D}.Release|Any CPU.Build.0 = Release|Any CPU
		{EDFB35B4-488A-402C-A907-9222A9B9389D}.Debug|Any CPU.ActiveCfg = Debug|Any CPU
		{EDFB35B4-488A-402C-A907-9222A9B9389D}.Debug|Any CPU.Build.0 = Debug|Any CPU
		{EDFB35B4-488A-402C-A907-9222A9B9389D}.Release|Any CPU.ActiveCfg = Release|Any CPU
		{EDFB35B4-488A-402C-A907-9222A9B9389D}.Release|Any CPU.Build.0 = Release|Any CPU
		{6076C86E-AA11-4F0E-8E57-B7D49C3BC6EE}.Debug|Any CPU.ActiveCfg = Debug|Any CPU
		{6076C86E-AA11-4F0E-8E57-B7D49C3BC6EE}.Debug|Any CPU.Build.0 = Debug|Any CPU
		{6076C86E-AA11-4F0E-8E57-B7D49C3BC6EE}.Release|Any CPU.ActiveCfg = Release|Any CPU
		{6076C86E-AA11-4F0E-8E57-B7D49C3BC6EE}.Release|Any CPU.Build.0 = Release|Any CPU
		{92CEC42C-CE40-41D0-997D-9AC2AC70A56F}.Debug|Any CPU.ActiveCfg = Debug|Any CPU
		{92CEC42C-CE40-41D0-997D-9AC2AC70A56F}.Debug|Any CPU.Build.0 = Debug|Any CPU
		{92CEC42C-CE40-41D0-997D-9AC2AC70A56F}.Release|Any CPU.ActiveCfg = Release|Any CPU
		{92CEC42C-CE40-41D0-997D-9AC2AC70A56F}.Release|Any CPU.Build.0 = Release|Any CPU
	EndGlobalSection
	GlobalSection(SolutionProperties) = preSolution
		HideSolutionNode = FALSE
	EndGlobalSection
	GlobalSection(ExtensibilityGlobals) = postSolution
		SolutionGuid = {2070240F-27D8-4C27-B85D-2B4A5CB993A4}
	EndGlobalSection
EndGlobal
